
Microsoft Visual Studio Solution File, Format Version 12.00
# Visual Studio 15
VisualStudioVersion = 15.0.28307.1259
MinimumVisualStudioVersion = 10.0.40219.1
Project("{FAE04EC0-301F-11D3-BF4B-00C04F79EFBC}") = "RestaurantXXI", "RestaurantXXI\RestaurantXXI.csproj", "{B76D0304-4350-42D3-B420-F239490CCD9D}"
EndProject
Project("{FAE04EC0-301F-11D3-BF4B-00C04F79EFBC}") = "RestaurantXXINegocio", "RestaurantXXINegocio\RestaurantXXINegocio.csproj", "{EE6C7188-1C82-40C2-9914-C34126C841B1}"
EndProject
Project("{FAE04EC0-301F-11D3-BF4B-00C04F79EFBC}") = "RestaurantXXIDALC", "RestaurantXXIDALC\RestaurantXXIDALC.csproj", "{B7C34E53-3AD7-4E28-B73A-19746733F091}"
EndProject
Global
	GlobalSection(SolutionConfigurationPlatforms) = preSolution
		Debug|Any CPU = Debug|Any CPU
		Release|Any CPU = Release|Any CPU
	EndGlobalSection
	GlobalSection(ProjectConfigurationPlatforms) = postSolution
		{B76D0304-4350-42D3-B420-F239490CCD9D}.Debug|Any CPU.ActiveCfg = Debug|Any CPU
		{B76D0304-4350-42D3-B420-F239490CCD9D}.Debug|Any CPU.Build.0 = Debug|Any CPU
		{B76D0304-4350-42D3-B420-F239490CCD9D}.Release|Any CPU.ActiveCfg = Release|Any CPU
		{B76D0304-4350-42D3-B420-F239490CCD9D}.Release|Any CPU.Build.0 = Release|Any CPU
		{EE6C7188-1C82-40C2-9914-C34126C841B1}.Debug|Any CPU.ActiveCfg = Debug|Any CPU
		{EE6C7188-1C82-40C2-9914-C34126C841B1}.Debug|Any CPU.Build.0 = Debug|Any CPU
		{EE6C7188-1C82-40C2-9914-C34126C841B1}.Release|Any CPU.ActiveCfg = Release|Any CPU
		{EE6C7188-1C82-40C2-9914-C34126C841B1}.Release|Any CPU.Build.0 = Release|Any CPU
		{B7C34E53-3AD7-4E28-B73A-19746733F091}.Debug|Any CPU.ActiveCfg = Debug|Any CPU
		{B7C34E53-3AD7-4E28-B73A-19746733F091}.Debug|Any CPU.Build.0 = Debug|Any CPU
		{B7C34E53-3AD7-4E28-B73A-19746733F091}.Release|Any CPU.ActiveCfg = Release|Any CPU
		{B7C34E53-3AD7-4E28-B73A-19746733F091}.Release|Any CPU.Build.0 = Release|Any CPU
	EndGlobalSection
	GlobalSection(SolutionProperties) = preSolution
		HideSolutionNode = FALSE
	EndGlobalSection
	GlobalSection(ExtensibilityGlobals) = postSolution
		SolutionGuid = {706B3F88-AB1F-4ECC-B5D2-87A918823A82}
	EndGlobalSection
EndGlobal
